
Microsoft Visual Studio Solution File, Format Version 12.00
# Visual Studio 15
VisualStudioVersion = 15.0.28307.572
MinimumVisualStudioVersion = 10.0.40219.1
Project("{FAE04EC0-301F-11D3-BF4B-00C04F79EFBC}") = "c0740301", "c0740301\c0740301.csproj", "{DFA40A2D-4757-4D12-A201-BD4EC640D71E}"
EndProject
Global
	GlobalSection(SolutionConfigurationPlatforms) = preSolution
		Debug|Any CPU = Debug|Any CPU
		Release|Any CPU = Release|Any CPU
	EndGlobalSection
	GlobalSection(ProjectConfigurationPlatforms) = postSolution
		{DFA40A2D-4757-4D12-A201-BD4EC640D71E}.Debug|Any CPU.ActiveCfg = Debug|Any CPU
		{DFA40A2D-4757-4D12-A201-BD4EC640D71E}.Debug|Any CPU.Build.0 = Debug|Any CPU
		{DFA40A2D-4757-4D12-A201-BD4EC640D71E}.Release|Any CPU.ActiveCfg = Release|Any CPU
		{DFA40A2D-4757-4D12-A201-BD4EC640D71E}.Release|Any CPU.Build.0 = Release|Any CPU
	EndGlobalSection
	GlobalSection(SolutionProperties) = preSolution
		HideSolutionNode = FALSE
	EndGlobalSection
	GlobalSection(ExtensibilityGlobals) = postSolution
		SolutionGuid = {0F3FD747-5C36-428C-A48E-CB43BB0A2171}
	EndGlobalSection
EndGlobal
